
Microsoft Visual Studio Solution File, Format Version 12.00
Project("{FAE04EC0-301F-11D3-BF4B-00C04F79EFBC}") = "Neptunee.Swagger", "Neptunee.Swagger\Neptunee.Swagger.csproj", "{2B417F9E-2118-438B-B9B0-74E0D42A4961}"
EndProject
Project("{FAE04EC0-301F-11D3-BF4B-00C04F79EFBC}") = "Sample.API", "Sample.API\Sample.API.csproj", "{7BF6E6CC-95E0-4241-BB33-1FDB54103B32}"
EndProject
Project("{2150E333-8FDC-42A3-9474-1A3956D46DE8}") = "SolutionItems", "SolutionItems", "{A2FCBF35-D6D4-45E5-9061-2C4D8EA36063}"
	ProjectSection(SolutionItems) = preProject
		.gitignore = .gitignore
		README.md = README.md
	EndProjectSection
EndProject
Global
	GlobalSection(SolutionConfigurationPlatforms) = preSolution
		Debug|Any CPU = Debug|Any CPU
		Release|Any CPU = Release|Any CPU
	EndGlobalSection
	GlobalSection(ProjectConfigurationPlatforms) = postSolution
		{2B417F9E-2118-438B-B9B0-74E0D42A4961}.Debug|Any CPU.ActiveCfg = Debug|Any CPU
		{2B417F9E-2118-438B-B9B0-74E0D42A4961}.Debug|Any CPU.Build.0 = Debug|Any CPU
		{2B417F9E-2118-438B-B9B0-74E0D42A4961}.Release|Any CPU.ActiveCfg = Release|Any CPU
		{2B417F9E-2118-438B-B9B0-74E0D42A4961}.Release|Any CPU.Build.0 = Release|Any CPU
		{7BF6E6CC-95E0-4241-BB33-1FDB54103B32}.Debug|Any CPU.ActiveCfg = Debug|Any CPU
		{7BF6E6CC-95E0-4241-BB33-1FDB54103B32}.Debug|Any CPU.Build.0 = Debug|Any CPU
		{7BF6E6CC-95E0-4241-BB33-1FDB54103B32}.Release|Any CPU.ActiveCfg = Release|Any CPU
		{7BF6E6CC-95E0-4241-BB33-1FDB54103B32}.Release|Any CPU.Build.0 = Release|Any CPU
	EndGlobalSection
EndGlobal
